
Microsoft Visual Studio Solution File, Format Version 12.00
# Visual Studio 15
VisualStudioVersion = 15.0.27130.2020
MinimumVisualStudioVersion = 10.0.40219.1
Project("{FAE04EC0-301F-11D3-BF4B-00C04F79EFBC}") = "TimeIsMoney.Api", "TimeIsMoney\TimeIsMoney.Api.csproj", "{1AF99BF0-6F38-4DA7-9802-99C08C8E2A67}"
EndProject
Project("{9A19103F-16F7-4668-BE54-9A1E7A4F7556}") = "TimeIsMoney.Services", "TimeIsMoney.Services\TimeIsMoney.Services.csproj", "{90ADEA79-D9E2-433E-9ABC-FE277062E463}"
EndProject
Project("{9A19103F-16F7-4668-BE54-9A1E7A4F7556}") = "TimeIsMoney.DataAccess", "TimeIsMoney.DataAccess\TimeIsMoney.DataAccess.csproj", "{A2FC46A7-8EC5-4091-BFED-56F44190FC76}"
EndProject
Project("{FAE04EC0-301F-11D3-BF4B-00C04F79EFBC}") = "TimeIsMoney.Common", "TimeIsMoney.Common\TimeIsMoney.Common.csproj", "{ECCD4CFA-241E-41F7-9D4D-F0D2EAC3ECE4}"
EndProject
Project("{FAE04EC0-301F-11D3-BF4B-00C04F79EFBC}") = "TimeIsMoney.CompositionRoot", "TimeIsMoney.CompositionRoot\TimeIsMoney.CompositionRoot.csproj", "{D27C7720-C4ED-404D-A00B-AC4691F2D249}"
EndProject
Global
	GlobalSection(SolutionConfigurationPlatforms) = preSolution
		Debug|Any CPU = Debug|Any CPU
		Release|Any CPU = Release|Any CPU
	EndGlobalSection
	GlobalSection(ProjectConfigurationPlatforms) = postSolution
		{1AF99BF0-6F38-4DA7-9802-99C08C8E2A67}.Debug|Any CPU.ActiveCfg = Debug|Any CPU
		{1AF99BF0-6F38-4DA7-9802-99C08C8E2A67}.Debug|Any CPU.Build.0 = Debug|Any CPU
		{1AF99BF0-6F38-4DA7-9802-99C08C8E2A67}.Release|Any CPU.ActiveCfg = Release|Any CPU
		{1AF99BF0-6F38-4DA7-9802-99C08C8E2A67}.Release|Any CPU.Build.0 = Release|Any CPU
		{90ADEA79-D9E2-433E-9ABC-FE277062E463}.Debug|Any CPU.ActiveCfg = Debug|Any CPU
		{90ADEA79-D9E2-433E-9ABC-FE277062E463}.Debug|Any CPU.Build.0 = Debug|Any CPU
		{90ADEA79-D9E2-433E-9ABC-FE277062E463}.Release|Any CPU.ActiveCfg = Release|Any CPU
		{90ADEA79-D9E2-433E-9ABC-FE277062E463}.Release|Any CPU.Build.0 = Release|Any CPU
		{A2FC46A7-8EC5-4091-BFED-56F44190FC76}.Debug|Any CPU.ActiveCfg = Debug|Any CPU
		{A2FC46A7-8EC5-4091-BFED-56F44190FC76}.Debug|Any CPU.Build.0 = Debug|Any CPU
		{A2FC46A7-8EC5-4091-BFED-56F44190FC76}.Release|Any CPU.ActiveCfg = Release|Any CPU
		{A2FC46A7-8EC5-4091-BFED-56F44190FC76}.Release|Any CPU.Build.0 = Release|Any CPU
		{ECCD4CFA-241E-41F7-9D4D-F0D2EAC3ECE4}.Debug|Any CPU.ActiveCfg = Debug|Any CPU
		{ECCD4CFA-241E-41F7-9D4D-F0D2EAC3ECE4}.Debug|Any CPU.Build.0 = Debug|Any CPU
		{ECCD4CFA-241E-41F7-9D4D-F0D2EAC3ECE4}.Release|Any CPU.ActiveCfg = Release|Any CPU
		{ECCD4CFA-241E-41F7-9D4D-F0D2EAC3ECE4}.Release|Any CPU.Build.0 = Release|Any CPU
		{D27C7720-C4ED-404D-A00B-AC4691F2D249}.Debug|Any CPU.ActiveCfg = Debug|Any CPU
		{D27C7720-C4ED-404D-A00B-AC4691F2D249}.Debug|Any CPU.Build.0 = Debug|Any CPU
		{D27C7720-C4ED-404D-A00B-AC4691F2D249}.Release|Any CPU.ActiveCfg = Release|Any CPU
		{D27C7720-C4ED-404D-A00B-AC4691F2D249}.Release|Any CPU.Build.0 = Release|Any CPU
	EndGlobalSection
	GlobalSection(SolutionProperties) = preSolution
		HideSolutionNode = FALSE
	EndGlobalSection
	GlobalSection(ExtensibilityGlobals) = postSolution
		SolutionGuid = {CF87CD2F-F0B2-413B-B290-BAE4F65C4D9C}
	EndGlobalSection
EndGlobal
